PODS:
  - Alamofire (4.7.3)
  - CocoaLumberjack/Default (3.4.2)
  - CocoaLumberjack/Swift (3.4.2):
    - CocoaLumberjack/Default
  - Firebase/Core (5.13.0):
    - Firebase/CoreOnly
    - FirebaseAnalytics (= 5.3.0)
  - Firebase/CoreOnly (5.13.0):
    - FirebaseCore (= 5.1.8)
  - Firebase/Messaging (5.13.0):
    - Firebase/CoreOnly
    - FirebaseMessaging (= 3.2.1)
  - FirebaseAnalytics (5.3.0):
    - FirebaseCore (~> 5.1)
    - FirebaseInstanceID (~> 3.3)
    - GoogleAppMeasurement (~> 5.3)
    - GoogleUtilities/AppDelegateSwizzler (~> 5.2)
    - GoogleUtilities/MethodSwizzler (~> 5.2)
    - GoogleUtilities/Network (~> 5.2)
    - "GoogleUtilities/NSData+zlib (~> 5.2)"
    - nanopb (~> 0.3)
  - FirebaseAnalyticsInterop (1.1.0)
  - FirebaseCore (5.1.8):
    - GoogleUtilities/Logger (~> 5.2)
  - FirebaseInstanceID (3.3.0):
    - FirebaseCore (~> 5.1)
    - GoogleUtilities/Environment (~> 5.3)
    - GoogleUtilities/UserDefaults (~> 5.3)
  - FirebaseMessaging (3.2.1):
    - FirebaseAnalyticsInterop (~> 1.1)
    - FirebaseCore (~> 5.1)
    - FirebaseInstanceID (~> 3.0)
    - GoogleUtilities/Environment (~> 5.2)
    - GoogleUtilities/Reachability (~> 5.2)
    - Protobuf (~> 3.1)
  - GoogleAppMeasurement (5.3.0):
    - GoogleUtilities/AppDelegateSwizzler (~> 5.2)
    - GoogleUtilities/MethodSwizzler (~> 5.2)
    - GoogleUtilities/Network (~> 5.2)
    - "GoogleUtilities/NSData+zlib (~> 5.2)"
    - nanopb (~> 0.3)
  - GoogleUtilities/AppDelegateSwizzler (5.3.7):
    - GoogleUtilities/Environment
    - GoogleUtilities/Logger
    - GoogleUtilities/Network
  - GoogleUtilities/Environment (5.3.7)
  - GoogleUtilities/Logger (5.3.7):
    - GoogleUtilities/Environment
  - GoogleUtilities/MethodSwizzler (5.3.7):
    - GoogleUtilities/Logger
  - GoogleUtilities/Network (5.3.7):
    - GoogleUtilities/Logger
    - "GoogleUtilities/NSData+zlib"
    - GoogleUtilities/Reachability
  - "GoogleUtilities/NSData+zlib (5.3.7)"
  - GoogleUtilities/Reachability (5.3.7):
    - GoogleUtilities/Logger
  - GoogleUtilities/UserDefaults (5.3.7):
    - GoogleUtilities/Logger
  - INTULocationManager (4.3.2)
  - IQKeyboardManagerSwift (6.2.0)
  - KeychainAccess (3.1.2)
  - Kingfisher (4.10.0)
  - nanopb (0.3.901):
    - nanopb/decode (= 0.3.901)
    - nanopb/encode (= 0.3.901)
  - nanopb/decode (0.3.901)
  - nanopb/encode (0.3.901)
  - PromiseKit/Alamofire (6.5.1):
    - Alamofire (~> 4.0)
    - PromiseKit/CorePromise
  - PromiseKit/CorePromise (6.5.1)
  - Protobuf (3.6.1)
  - Realm (3.12.0):
    - Realm/Headers (= 3.12.0)
  - Realm/Headers (3.12.0)
  - RealmSwift (3.12.0):
    - Realm (= 3.12.0)
  - SkyFloatingLabelTextField (3.6.0)
  - SnapKit (4.0.1)
  - SwiftLint (0.29.0)
  - XLPagerTabStrip (8.1.1)

DEPENDENCIES:
  - Alamofire (= 4.7.3)
  - CocoaLumberjack/Swift (= 3.4.2)
  - Firebase/Core (= 5.13.0)
  - Firebase/Messaging (= 5.13.0)
  - INTULocationManager (= 4.3.2)
  - IQKeyboardManagerSwift (= 6.2.0)
  - KeychainAccess (= 3.1.2)
  - Kingfisher (= 4.10.0)
  - PromiseKit/Alamofire (= 6.5.1)
  - PromiseKit/CorePromise (= 6.5.1)
  - RealmSwift (= 3.12.0)
  - SkyFloatingLabelTextField (~> 3.0)
  - SnapKit (= 4.0.1)
  - SwiftLint (= 0.29.0)
  - XLPagerTabStrip (~> 8.1)

SPEC REPOS:
  https://github.com/cocoapods/specs.git:
    - Alamofire
    - CocoaLumberjack
    - Firebase
    - FirebaseAnalytics
    - FirebaseAnalyticsInterop
    - FirebaseCore
    - FirebaseInstanceID
    - FirebaseMessaging
    - GoogleAppMeasurement
    - GoogleUtilities
    - INTULocationManager
    - IQKeyboardManagerSwift
    - KeychainAccess
    - Kingfisher
    - nanopb
    - PromiseKit
    - Protobuf
    - Realm
    - RealmSwift
    - SkyFloatingLabelTextField
    - SnapKit
    - SwiftLint
    - XLPagerTabStrip

SPEC CHECKSUMS:
  Alamofire: c7287b6e5d7da964a70935e5db17046b7fde6568
  CocoaLumberjack: db7cc9e464771f12054c22ff6947c5a58d43a0fd
  Firebase: 6df9a6114bc9f106a98fe83d5438d4d9833c2019
  FirebaseAnalytics: 63202d2665de4e6adcbdce189135255d8b5962ba
  FirebaseAnalyticsInterop: e5f21be9af6548372e2f0815834ff909bff395a2
  FirebaseCore: fba2bfaa691c49028309b92e4dd37cc4b5512fbe
  FirebaseInstanceID: e2fa4cb35ef5558c200f7f0ad8a53e212215f93e
  FirebaseMessaging: 0f14a264b0d7f867e8eff5d3556bc5d0d4e57888
  GoogleAppMeasurement: 5029d78f2b438bd30ffb44e6c558b57c21622727
  GoogleUtilities: 111a012f4c3a29c9e7c954c082fafd6ee3c999c0
  INTULocationManager: e5dc524611b0cd582f473bc56cc8c389adb2f338
  IQKeyboardManagerSwift: b07ccf9d8cafe993dcd6cb794eb4ba34611a0c4e
  KeychainAccess: b3816fddcf28aa29d94b10ec305cd52be14c472b
  Kingfisher: 43c4b802d8b5256cf1f4379e9cd10b329be6d3e2
  nanopb: 2901f78ea1b7b4015c860c2fdd1ea2fee1a18d48
  PromiseKit: 162f56c89aae9989ffc14476a5f821af17c3f4ba
  Protobuf: 1eb9700044745f00181c136ef21b8ff3ad5a0fd5
  Realm: cdaef23c4ddb36ab1ddffed23f5a7f3332fc5585
  RealmSwift: 5576324033f0aa5ef1e0a839a3da2281dff47a7f
  SkyFloatingLabelTextField: 38164979b79512f9ff9288ad8acfc4bbf5d843e3
  SnapKit: 0de968a9fec17499afa29683b05d0c775b6d1c29
  SwiftLint: d4e7443d93e2bbe868dc302e6c7ac30b469d6a14
  XLPagerTabStrip: 63166e21c9844fa30f2d95d30f335e73be5caf22

PODFILE CHECKSUM: 428c9af7250b76368c86509463df4e5f9c5e03b8

COCOAPODS: 1.5.3
